
Microsoft Visual Studio Solution File, Format Version 12.00
# Visual Studio 15
VisualStudioVersion = 15.0.27130.2020
MinimumVisualStudioVersion = 10.0.40219.1
Project("{FAE04EC0-301F-11D3-BF4B-00C04F79EFBC}") = "Filesharp", "Filesharp\Filesharp.csproj", "{31D142A8-E620-443C-AD1D-BB03274D25C0}"
EndProject
Global
	GlobalSection(SolutionConfigurationPlatforms) = preSolution
		Debug|Any CPU = Debug|Any CPU
		Release|Any CPU = Release|Any CPU
	EndGlobalSection
	GlobalSection(ProjectConfigurationPlatforms) = postSolution
		{31D142A8-E620-443C-AD1D-BB03274D25C0}.Debug|Any CPU.ActiveCfg = Debug|Any CPU
		{31D142A8-E620-443C-AD1D-BB03274D25C0}.Debug|Any CPU.Build.0 = Debug|Any CPU
		{31D142A8-E620-443C-AD1D-BB03274D25C0}.Release|Any CPU.ActiveCfg = Release|Any CPU
		{31D142A8-E620-443C-AD1D-BB03274D25C0}.Release|Any CPU.Build.0 = Release|Any CPU
	EndGlobalSection
	GlobalSection(SolutionProperties) = preSolution
		HideSolutionNode = FALSE
	EndGlobalSection
	GlobalSection(ExtensibilityGlobals) = postSolution
		SolutionGuid = {AE7866FA-E412-4FD2-82A7-A6BB8286EE34}
	EndGlobalSection
EndGlobal
